
Microsoft Visual Studio Solution File, Format Version 12.00
# Visual Studio Version 16
VisualStudioVersion = 16.0.29209.62
MinimumVisualStudioVersion = 10.0.40219.1
Project("{FAE04EC0-301F-11D3-BF4B-00C04F79EFBC}") = "MvcMovie", "MvcMovie.csproj", "{A01E8388-7036-4B9A-9064-9EAE66B6DE68}"
EndProject
Global
	GlobalSection(SolutionConfigurationPlatforms) = preSolution
		Debug|Any CPU = Debug|Any CPU
		Release|Any CPU = Release|Any CPU
	EndGlobalSection
	GlobalSection(ProjectConfigurationPlatforms) = postSolution
		{A01E8388-7036-4B9A-9064-9EAE66B6DE68}.Debug|Any CPU.ActiveCfg = Debug|Any CPU
		{A01E8388-7036-4B9A-9064-9EAE66B6DE68}.Debug|Any CPU.Build.0 = Debug|Any CPU
		{A01E8388-7036-4B9A-9064-9EAE66B6DE68}.Release|Any CPU.ActiveCfg = Release|Any CPU
		{A01E8388-7036-4B9A-9064-9EAE66B6DE68}.Release|Any CPU.Build.0 = Release|Any CPU
	EndGlobalSection
	GlobalSection(SolutionProperties) = preSolution
		HideSolutionNode = FALSE
	EndGlobalSection
	GlobalSection(ExtensibilityGlobals) = postSolution
		SolutionGuid = {EF2A401D-1264-40C9-B4BE-E7D4C0166628}
	EndGlobalSection
EndGlobal
